%{
  "benchee": {:hex, :benchee, "0.11.0", "cf96e328ff5d69838dd89c21a9db22716bfcc6ef772e9d9dddf7ba622102722d", [:mix], [{:deep_merge, "~> 0.1", [hex: :deep_merge, repo: "hexpm", optional: false]}], "hexpm", "c345e090e0a61bf33e0385aa3ad394fcb7d863e313bc3fca522e390c7f39166e"},
  "commanded": {:git, "https://github.com/commanded/commanded.git", "4c8d3ece68f69bdbf1f6d984b5f6f9ab157864fe", []},
  "commanded_ecto_projections": {:git, "https://github.com/commanded/commanded-ecto-projections.git", "5b3d81fb25d1d139dcb9c8c55a73153f493b8238", []},
  "commanded_eventstore_adapter": {:git, "https://github.com/commanded/commanded-eventstore-adapter.git", "8f85ce1854dc064bf337f655a1937ef76d63ca4d", []},
  "connection": {:hex, :connection, "1.0.4", "a1cae72211f0eef17705aaededacac3eb30e6625b04a6117c1b2db6ace7d5976", [:mix], [], "hexpm", "4a0850c9be22a43af9920a71ab17c051f5f7d45c209e40269a1938832510e4d9"},
  "cowboy": {:hex, :cowboy, "1.1.2", "61ac29ea970389a88eca5a65601460162d370a70018afe6f949a29dca91f3bb0", [:rebar3], [{:cowlib, "~> 1.0.2", [hex: :cowlib, repo: "hexpm", optional: false]}, {:ranch, "~> 1.3.2", [hex: :ranch, repo: "hexpm", optional: false]}], "hexpm", "f4763bbe08233eceed6f24bc4fcc8d71c17cfeafa6439157c57349aa1bb4f17c"},
  "cowlib": {:hex, :cowlib, "1.0.2", "9d769a1d062c9c3ac753096f868ca121e2730b9a377de23dec0f7e08b1df84ee", [:make], [], "hexpm", "db622da03aa039e6366ab953e31186cc8190d32905e33788a1acb22744e6abd2"},
  "db_connection": {:hex, :db_connection, "1.1.3", "89b30ca1ef0a3b469b1c779579590688561d586694a3ce8792985d4d7e575a61", [:mix], [{:connection, "~> 1.0.2", [hex: :connection, repo: "hexpm", optional: false]}, {:poolboy, "~> 1.5", [hex: :poolboy, repo: "hexpm", optional: true]}, {:sbroker, "~> 1.0", [hex: :sbroker, repo: "hexpm", optional: true]}], "hexpm", "5f0a16a58312a610d5eb0b07506280c65f5137868ad479045f2a2dc4ced80550"},
  "decimal": {:hex, :decimal, "1.4.1", "ad9e501edf7322f122f7fc151cce7c2a0c9ada96f2b0155b8a09a795c2029770", [:mix], [], "hexpm", "f7fe23b2d27be88a524e55565d4a1ab3729356fa2618681f924c7bca805f913b"},
  "deep_merge": {:hex, :deep_merge, "0.1.1", "c27866a7524a337b6a039eeb8dd4f17d458fd40fbbcb8c54661b71a22fffe846", [:mix], [], "hexpm", "7dd57812332d76067deb9611b93cc98ac74cbb3b09480eef80c7e3c5a0813ecf"},
  "ecto": {:hex, :ecto, "2.2.8", "a4463c0928b970f2cee722cd29aaac154e866a15882c5737e0038bbfcf03ec2c", [:mix], [{:db_connection, "~> 1.1", [hex: :db_connection, repo: "hexpm", optional: true]}, {:decimal, "~> 1.2", [hex: :decimal, repo: "hexpm", optional: false]}, {:mariaex, "~> 0.8.0", [hex: :mariaex, repo: "hexpm", optional: true]}, {:poison, "~> 2.2 or ~> 3.0", [hex: :poison, repo: "hexpm", optional: true]}, {:poolboy, "~> 1.5", [hex: :poolboy, repo: "hexpm", optional: false]}, {:postgrex, "~> 0.13.0", [hex: :postgrex, repo: "hexpm", optional: true]}, {:sbroker, "~> 1.0", [hex: :sbroker, repo: "hexpm", optional: true]}], "hexpm", "1bd902bc7c7d465e7ab75701744288aac293b39c0940a8b69f2ada6bce2614ee"},
  "esqlite": {:hex, :esqlite, "0.2.3", "1a8b60877fdd3d50a8a84b342db04032c0231cc27ecff4ddd0d934485d4c0cd5", [:rebar3], [], "hexpm", "115bc72a3a5bb5a723606106e81b5c13ca0d6df2b6902d743eef14869d3d8b05"},
  "eventstore": {:git, "https://github.com/commanded/eventstore.git", "247c90d31cafeb7546262fcccd4665d44b7ce7a2", []},
  "file_system": {:hex, :file_system, "0.2.4", "f0bdda195c0e46e987333e986452ec523aed21d784189144f647c43eaf307064", [:mix], [], "hexpm", "d3d5ee3a1d656cb1efa0d0446df2aeb230c55d0d5fa2ab2840082f7ace50d04a"},
  "fsm": {:hex, :fsm, "0.3.0", "d00e0a3c68f8cf8feb24ce3a732164638ec652c48ce416b66d4e375b6ee415eb", [:mix], [], "hexpm"},
  "gettext": {:hex, :gettext, "0.18.1", "89e8499b051c7671fa60782faf24409b5d2306aa71feb43d79648a8bc63d0522", [:mix], [], "hexpm", "e70750c10a5f88cb8dc026fc28fa101529835026dec4a06dba3b614f2a99c7a9"},
  "mime": {:hex, :mime, "1.2.0", "78adaa84832b3680de06f88f0997e3ead3b451a440d183d688085be2d709b534", [:mix], [], "hexpm", "b24d1d704209b760aeac161255c8031c5160de1a5cb7dd28bb84ef5bda2ba29e"},
  "phoenix": {:hex, :phoenix, "1.3.0", "1c01124caa1b4a7af46f2050ff11b267baa3edb441b45dbf243e979cd4c5891b", [:mix], [{:cowboy, "~> 1.0", [hex: :cowboy, repo: "hexpm", optional: true]}, {:phoenix_pubsub, "~> 1.0", [hex: :phoenix_pubsub, repo: "hexpm", optional: false]}, {:plug, "~> 1.3.3 or ~> 1.4", [hex: :plug, repo: "hexpm", optional: false]}, {:poison, "~> 2.2 or ~> 3.0", [hex: :poison, repo: "hexpm", optional: false]}], "hexpm", "35f7cc91126c9c374fff1d8e3219ece7a9d4f84f2f5d6565be53b381078c006c"},
  "phoenix_ecto": {:hex, :phoenix_ecto, "3.3.0", "702f6e164512853d29f9d20763493f2b3bcfcb44f118af2bc37bb95d0801b480", [:mix], [{:ecto, "~> 2.1", [hex: :ecto, repo: "hexpm", optional: false]}, {:phoenix_html, "~> 2.9", [hex: :phoenix_html, repo: "hexpm", optional: true]}, {:plug, "~> 1.0", [hex: :plug, repo: "hexpm", optional: false]}], "hexpm", "4e044e000709e7de75e82cd17dbb7ed78d398309c826ce193b4fea49bf5acb3e"},
  "phoenix_html": {:hex, :phoenix_html, "2.10.5", "4f9df6b0fb7422a9440a73182a566cb9cbe0e3ffe8884ef9337ccf284fc1ef0a", [:mix], [{:plug, "~> 1.0", [hex: :plug, repo: "hexpm", optional: false]}], "hexpm", "4f38ec3263ceb746f0ee7c4955dcdae05497750d795160d87fb45e458981a696"},
  "phoenix_live_reload": {:hex, :phoenix_live_reload, "1.1.3", "1d178429fc8950b12457d09c6afec247bfe1fcb6f36209e18fbb0221bdfe4d41", [:mix], [{:file_system, "~> 0.2.1 or ~> 0.3", [hex: :file_system, repo: "hexpm", optional: false]}, {:phoenix, "~> 1.0 or ~> 1.2 or ~> 1.3", [hex: :phoenix, repo: "hexpm", optional: false]}], "hexpm", "505df5f9e7eed4124b0a3372e2ca55728f1ae700f1867240daa533b82ee12f67"},
  "phoenix_pubsub": {:hex, :phoenix_pubsub, "1.0.2", "bfa7fd52788b5eaa09cb51ff9fcad1d9edfeb68251add458523f839392f034c1", [:mix], [], "hexpm", "6f9193364c5de86b85e8d3a80294a134aecf6c5618adcbae668608749e00a7f7"},
  "plug": {:hex, :plug, "1.4.3", "236d77ce7bf3e3a2668dc0d32a9b6f1f9b1f05361019946aae49874904be4aed", [:mix], [{:cowboy, "~> 1.0.1 or ~> 1.1", [hex: :cowboy, repo: "hexpm", optional: true]}, {:mime, "~> 1.0", [hex: :mime, repo: "hexpm", optional: false]}], "hexpm", "c1c408c57a1e4c88c365b9aff1198c350e22b765dbb97a460e9e6bd9364c6194"},
  "poison": {:hex, :poison, "3.1.0", "d9eb636610e096f86f25d9a46f35a9facac35609a7591b3be3326e99a0484665", [:mix], [], "hexpm", "fec8660eb7733ee4117b85f55799fd3833eb769a6df71ccf8903e8dc5447cfce"},
  "poolboy": {:hex, :poolboy, "1.5.1", "6b46163901cfd0a1b43d692657ed9d7e599853b3b21b95ae5ae0a777cf9b6ca8", [:rebar], [], "hexpm", "8f7168911120e13419e086e78d20e4d1a6776f1eee2411ac9f790af10813389f"},
  "postgrex": {:hex, :postgrex, "0.13.3", "c277cfb2a9c5034d445a722494c13359e361d344ef6f25d604c2353185682bfc", [:mix], [{:connection, "~> 1.0", [hex: :connection, repo: "hexpm", optional: false]}, {:db_connection, "~> 1.1", [hex: :db_connection, repo: "hexpm", optional: false]}, {:decimal, "~> 1.0", [hex: :decimal, repo: "hexpm", optional: false]}], "hexpm", "b5c6fcdde3e114739c902985531c2a711727c72c1ac03d757f390a4fa0beee9e"},
  "ranch": {:hex, :ranch, "1.3.2", "e4965a144dc9fbe70e5c077c65e73c57165416a901bd02ea899cfd95aa890986", [:rebar3], [], "hexpm", "6e56493a862433fccc3aca3025c946d6720d8eedf6e3e6fb911952a7071c357f"},
  "sqlitex": {:hex, :sqlitex, "1.3.3", "3aac5fd702be346f71d9de6e01702c9954484cd0971aa443490bb3bde045d919", [:mix], [{:decimal, "~> 1.1", [hex: :decimal, repo: "hexpm", optional: false]}, {:esqlite, "~> 0.2.3", [hex: :esqlite, repo: "hexpm", optional: false]}], "hexpm", "cf0133ce378872fb958e583f477c80026c9b756a853aabd686dbb0313b3189d6"},
  "uuid": {:hex, :uuid, "1.1.8", "e22fc04499de0de3ed1116b770c7737779f226ceefa0badb3592e64d5cfb4eb9", [:mix], [], "hexpm"},
}
